
Microsoft Visual Studio Solution File, Format Version 12.00
# Visual Studio Version 17
VisualStudioVersion = 17.8.34330.188
MinimumVisualStudioVersion = 10.0.40219.1
Project("{FAE04EC0-301F-11D3-BF4B-00C04F79EFBC}") = "Ordbok", "Ordbok\Ordbok.csproj", "{33EDD978-38AB-4DE2-8E49-AD1AA5C3F468}"
EndProject
Global
	GlobalSection(SolutionConfigurationPlatforms) = preSolution
		Debug|Any CPU = Debug|Any CPU
		Release|Any CPU = Release|Any CPU
	EndGlobalSection
	GlobalSection(ProjectConfigurationPlatforms) = postSolution
		{33EDD978-38AB-4DE2-8E49-AD1AA5C3F468}.Debug|Any CPU.ActiveCfg = Debug|Any CPU
		{33EDD978-38AB-4DE2-8E49-AD1AA5C3F468}.Debug|Any CPU.Build.0 = Debug|Any CPU
		{33EDD978-38AB-4DE2-8E49-AD1AA5C3F468}.Release|Any CPU.ActiveCfg = Release|Any CPU
		{33EDD978-38AB-4DE2-8E49-AD1AA5C3F468}.Release|Any CPU.Build.0 = Release|Any CPU
	EndGlobalSection
	GlobalSection(SolutionProperties) = preSolution
		HideSolutionNode = FALSE
	EndGlobalSection
	GlobalSection(ExtensibilityGlobals) = postSolution
		SolutionGuid = {6DFCC211-8FFE-4A68-805E-5D1B0ED25BC1}
	EndGlobalSection
EndGlobal
